
Microsoft Visual Studio Solution File, Format Version 11.00
# Visual Studio 2010
Project("{FAE04EC0-301F-11D3-BF4B-00C04F79EFBC}") = "Assembly-CSharp", "Assembly-CSharp.csproj", "{3955d5d2-9b16-663a-e032-548f50ae82be}"
EndProject
Global
	GlobalSection(SolutionConfigurationPlatforms) = preSolution
		Debug|Any CPU = Debug|Any CPU
		Release|Any CPU = Release|Any CPU
	EndGlobalSection
	GlobalSection(ProjectConfigurationPlatforms) = postSolution
		{3955d5d2-9b16-663a-e032-548f50ae82be}.Debug|Any CPU.ActiveCfg = Debug|Any CPU
		{3955d5d2-9b16-663a-e032-548f50ae82be}.Debug|Any CPU.Build.0 = Debug|Any CPU
		{3955d5d2-9b16-663a-e032-548f50ae82be}.Release|Any CPU.ActiveCfg = Release|Any CPU
		{3955d5d2-9b16-663a-e032-548f50ae82be}.Release|Any CPU.Build.0 = Release|Any CPU
	EndGlobalSection
	GlobalSection(SolutionProperties) = preSolution
		HideSolutionNode = FALSE
	EndGlobalSection
EndGlobal
